{
    "_meta": {
        "hash": {
            "sha256": "2a77aeb888d50c37fa154baacbdb9c79803fa4e343e231f6b73a647fa79acdc3"
        },
        "pipfile-spec": 6,
        "requires": {
            "python_version": "3.11"
        },
        "sources": [
            {
                "name": "pypi",
                "url": "https://pypi.org/simple",
                "verify_ssl": true
            }
        ]
    },
    "default": {
        "xlsx2csv": {
            "hashes": [
                "sha256:cdd272c82f8b32f1cee76aeaef87b2ee3549661fddf90f7ecf2310967a16fc84"
            ],
            "index": "pypi",
            "version": "==0.8.2"
        }
    },
    "develop": {}
}
